// !$*UTF8*$!
{
	archiveVersion = 1;
	classes = {
	};
	objectVersion = 50;
	objects = {

/* Begin PBXBuildFile section */
		3F11230722592DBB001C339F /* FileService.swift in Sources */ = {isa = PBXBuildFile; fileRef = 3F11230622592DB9001C339F /* FileService.swift */; };
		3F179030211DAC40000BC603 /* AddCategoryVC.swift in Sources */ = {isa = PBXBuildFile; fileRef = 3F17902F211DAC40000BC603 /* AddCategoryVC.swift */; };
		3F179032211DACFE000BC603 /* ItemsVC.swift in Sources */ = {isa = PBXBuildFile; fileRef = 3F179031211DACFE000BC603 /* ItemsVC.swift */; };
		3F179034211DAD8A000BC603 /* AddItemVC.swift in Sources */ = {isa = PBXBuildFile; fileRef = 3F179033211DAD8A000BC603 /* AddItemVC.swift */; };
		3F17903B211E28FA000BC603 /* Category.swift in Sources */ = {isa = PBXBuildFile; fileRef = 3F17903A211E28FA000BC603 /* Category.swift */; };
		3F17903D211EB68C000BC603 /* Item.swift in Sources */ = {isa = PBXBuildFile; fileRef = 3F17903C211EB68C000BC603 /* Item.swift */; };
		3F3EC72D211D006100BFA5E3 /* AppDelegate.swift in Sources */ = {isa = PBXBuildFile; fileRef = 3F3EC72C211D006100BFA5E3 /* AppDelegate.swift */; };
		3F3EC72F211D006100BFA5E3 /* ViewController.swift in Sources */ = {isa = PBXBuildFile; fileRef = 3F3EC72E211D006100BFA5E3 /* ViewController.swift */; };
		3F3EC732211D006100BFA5E3 /* Main.storyboard in Resources */ = {isa = PBXBuildFile; fileRef = 3F3EC730211D006100BFA5E3 /* Main.storyboard */; };
		3F3EC734211D006400BFA5E3 /* Assets.xcassets in Resources */ = {isa = PBXBuildFile; fileRef = 3F3EC733211D006400BFA5E3 /* Assets.xcassets */; };
		3F3EC737211D006400BFA5E3 /* LaunchScreen.storyboard in Resources */ = {isa = PBXBuildFile; fileRef = 3F3EC735211D006400BFA5E3 /* LaunchScreen.storyboard */; };
		3F750E1A2120FF1F00CCEC62 /* Edit_Item_VC.swift in Sources */ = {isa = PBXBuildFile; fileRef = 3F750E192120FF1F00CCEC62 /* Edit_Item_VC.swift */; };
		4604121221FB0A9E007EF7B4 /* Extensions.swift in Sources */ = {isa = PBXBuildFile; fileRef = 4604121121FB0A9E007EF7B4 /* Extensions.swift */; };
		460412572202DABA007EF7B4 /* CategoryCell.swift in Sources */ = {isa = PBXBuildFile; fileRef = 460412562202DABA007EF7B4 /* CategoryCell.swift */; };
		4612EF5F2214D07300E3CAF1 /* Pods_To_Do_List.framework in Frameworks */ = {isa = PBXBuildFile; fileRef = FF2B3C7CCFB3F7A877B13351 /* Pods_To_Do_List.framework */; };
		4612EF6A2214D99000E3CAF1 /* Pods_To_Do_List.framework in Frameworks */ = {isa = PBXBuildFile; fileRef = FF2B3C7CCFB3F7A877B13351 /* Pods_To_Do_List.framework */; };
		4612EF6B2214D99000E3CAF1 /* Pods_To_Do_List.framework in Embed Frameworks */ = {isa = PBXBuildFile; fileRef = FF2B3C7CCFB3F7A877B13351 /* Pods_To_Do_List.framework */; settings = {ATTRIBUTES = (CodeSignOnCopy, RemoveHeadersOnCopy, ); }; };
		468A566A21E3E6150048CD71 /* ItemCell.swift in Sources */ = {isa = PBXBuildFile; fileRef = 468A566921E3E6150048CD71 /* ItemCell.swift */; };
		468A568D21E552040048CD71 /* NetworkingClient.swift in Sources */ = {isa = PBXBuildFile; fileRef = 468A568C21E552040048CD71 /* NetworkingClient.swift */; };
		469BD9E121DEA9F100B8835A /* EditCategoryVC.swift in Sources */ = {isa = PBXBuildFile; fileRef = 469BD9E021DEA9F100B8835A /* EditCategoryVC.swift */; };
/* End PBXBuildFile section */

/* Begin PBXCopyFilesBuildPhase section */
		4612EF6C2214D99100E3CAF1 /* Embed Frameworks */ = {
			isa = PBXCopyFilesBuildPhase;
			buildActionMask = 2147483647;
			dstPath = "";
			dstSubfolderSpec = 10;
			files = (
				4612EF6B2214D99000E3CAF1 /* Pods_To_Do_List.framework in Embed Frameworks */,
			);
			name = "Embed Frameworks";
			runOnlyForDeploymentPostprocessing = 0;
		};
/* End PBXCopyFilesBuildPhase section */

/* Begin PBXFileReference section */
		29DE308FE944CEC82AB77EB6 /* Pods-To-Do List.debug.xcconfig */ = {isa = PBXFileReference; includeInIndex = 1; lastKnownFileType = text.xcconfig; name = "Pods-To-Do List.debug.xcconfig"; path = "Pods/Target Support Files/Pods-To-Do List/Pods-To-Do List.debug.xcconfig"; sourceTree = "<group>"; };
		342442DFB939D39FD68F33CB /* Pods-To-Do List.release.xcconfig */ = {isa = PBXFileReference; includeInIndex = 1; lastKnownFileType = text.xcconfig; name = "Pods-To-Do List.release.xcconfig"; path = "Pods/Target Support Files/Pods-To-Do List/Pods-To-Do List.release.xcconfig"; sourceTree = "<group>"; };
		3F11230622592DB9001C339F /* FileService.swift */ = {isa = PBXFileReference; lastKnownFileType = sourcecode.swift; path = FileService.swift; sourceTree = "<group>"; };
		3F17902F211DAC40000BC603 /* AddCategoryVC.swift */ = {isa = PBXFileReference; lastKnownFileType = sourcecode.swift; path = AddCategoryVC.swift; sourceTree = "<group>"; };
		3F179031211DACFE000BC603 /* ItemsVC.swift */ = {isa = PBXFileReference; lastKnownFileType = sourcecode.swift; path = ItemsVC.swift; sourceTree = "<group>"; };
		3F179033211DAD8A000BC603 /* AddItemVC.swift */ = {isa = PBXFileReference; lastKnownFileType = sourcecode.swift; path = AddItemVC.swift; sourceTree = "<group>"; };
		3F17903A211E28FA000BC603 /* Category.swift */ = {isa = PBXFileReference; lastKnownFileType = sourcecode.swift; path = Category.swift; sourceTree = "<group>"; };
		3F17903C211EB68C000BC603 /* Item.swift */ = {isa = PBXFileReference; lastKnownFileType = sourcecode.swift; path = Item.swift; sourceTree = "<group>"; };
		3F3EC729211D006100BFA5E3 /* To-Do List.app */ = {isa = PBXFileReference; explicitFileType = wrapper.application; includeInIndex = 0; path = "To-Do List.app"; sourceTree = BUILT_PRODUCTS_DIR; };
		3F3EC72C211D006100BFA5E3 /* AppDelegate.swift */ = {isa = PBXFileReference; lastKnownFileType = sourcecode.swift; path = AppDelegate.swift; sourceTree = "<group>"; };
		3F3EC72E211D006100BFA5E3 /* ViewController.swift */ = {isa = PBXFileReference; lastKnownFileType = sourcecode.swift; path = ViewController.swift; sourceTree = "<group>"; };
		3F3EC731211D006100BFA5E3 /* Base */ = {isa = PBXFileReference; lastKnownFileType = file.storyboard; name = Base; path = Base.lproj/Main.storyboard; sourceTree = "<group>"; };
		3F3EC733211D006400BFA5E3 /* Assets.xcassets */ = {isa = PBXFileReference; lastKnownFileType = folder.assetcatalog; path = Assets.xcassets; sourceTree = "<group>"; };
		3F3EC736211D006400BFA5E3 /* Base */ = {isa = PBXFileReference; lastKnownFileType = file.storyboard; name = Base; path = Base.lproj/LaunchScreen.storyboard; sourceTree = "<group>"; };
		3F3EC738211D006400BFA5E3 /* Info.plist */ = {isa = PBXFileReference; lastKnownFileType = text.plist.xml; path = Info.plist; sourceTree = "<group>"; };
		3F750E192120FF1F00CCEC62 /* Edit_Item_VC.swift */ = {isa = PBXFileReference; lastKnownFileType = sourcecode.swift; path = Edit_Item_VC.swift; sourceTree = "<group>"; };
		4604121121FB0A9E007EF7B4 /* Extensions.swift */ = {isa = PBXFileReference; lastKnownFileType = sourcecode.swift; path = Extensions.swift; sourceTree = "<group>"; };
		460412562202DABA007EF7B4 /* CategoryCell.swift */ = {isa = PBXFileReference; lastKnownFileType = sourcecode.swift; path = CategoryCell.swift; sourceTree = "<group>"; };
		468A566921E3E6150048CD71 /* ItemCell.swift */ = {isa = PBXFileReference; lastKnownFileType = sourcecode.swift; path = ItemCell.swift; sourceTree = "<group>"; };
		468A568C21E552040048CD71 /* NetworkingClient.swift */ = {isa = PBXFileReference; lastKnownFileType = sourcecode.swift; path = NetworkingClient.swift; sourceTree = "<group>"; };
		469BD9E021DEA9F100B8835A /* EditCategoryVC.swift */ = {isa = PBXFileReference; lastKnownFileType = sourcecode.swift; path = EditCategoryVC.swift; sourceTree = "<group>"; };
		FF2B3C7CCFB3F7A877B13351 /* Pods_To_Do_List.framework */ = {isa = PBXFileReference; explicitFileType = wrapper.framework; includeInIndex = 0; path = Pods_To_Do_List.framework; sourceTree = BUILT_PRODUCTS_DIR; };
/* End PBXFileReference section */

/* Begin PBXFrameworksBuildPhase section */
		3F3EC726211D006100BFA5E3 /* Frameworks */ = {
			isa = PBXFrameworksBuildPhase;
			buildActionMask = 2147483647;
			files = (
				4612EF6A2214D99000E3CAF1 /* Pods_To_Do_List.framework in Frameworks */,
				4612EF5F2214D07300E3CAF1 /* Pods_To_Do_List.framework in Frameworks */,
			);
			runOnlyForDeploymentPostprocessing = 0;
		};
/* End PBXFrameworksBuildPhase section */

/* Begin PBXGroup section */
		3F179039211E2865000BC603 /* Models */ = {
			isa = PBXGroup;
			children = (
				3F17903A211E28FA000BC603 /* Category.swift */,
				3F17903C211EB68C000BC603 /* Item.swift */,
			);
			path = Models;
			sourceTree = "<group>";
		};
		3F3EC720211D006100BFA5E3 = {
			isa = PBXGroup;
			children = (
				3F3EC72B211D006100BFA5E3 /* To-Do List */,
				3F3EC72A211D006100BFA5E3 /* Products */,
				84E2D809B4F094AA98E53089 /* Pods */,
				59E95921ED3C4CD69F452729 /* Frameworks */,
			);
			sourceTree = "<group>";
		};
		3F3EC72A211D006100BFA5E3 /* Products */ = {
			isa = PBXGroup;
			children = (
				3F3EC729211D006100BFA5E3 /* To-Do List.app */,
			);
			name = Products;
			sourceTree = "<group>";
		};
		3F3EC72B211D006100BFA5E3 /* To-Do List */ = {
			isa = PBXGroup;
			children = (
				468A568B21E551CA0048CD71 /* Client */,
				3F179039211E2865000BC603 /* Models */,
				3FEC90E421C47F640087E68F /* View */,
				3FEC90E321C47EE90087E68F /* Controller */,
				3F3EC733211D006400BFA5E3 /* Assets.xcassets */,
				3F3EC735211D006400BFA5E3 /* LaunchScreen.storyboard */,
				3F3EC72C211D006100BFA5E3 /* AppDelegate.swift */,
				4604121121FB0A9E007EF7B4 /* Extensions.swift */,
				3F3EC738211D006400BFA5E3 /* Info.plist */,
			);
			path = "To-Do List";
			sourceTree = "<group>";
		};
		3FEC90E321C47EE90087E68F /* Controller */ = {
			isa = PBXGroup;
			children = (
				4659EBB2221246DF00E7714D /* Categories */,
				4659EBB3221246EC00E7714D /* Items */,
			);
			path = Controller;
			sourceTree = "<group>";
		};
		3FEC90E421C47F640087E68F /* View */ = {
			isa = PBXGroup;
			children = (
				3F3EC730211D006100BFA5E3 /* Main.storyboard */,
			);
			path = View;
			sourceTree = "<group>";
		};
		4659EBB2221246DF00E7714D /* Categories */ = {
			isa = PBXGroup;
			children = (
				3F3EC72E211D006100BFA5E3 /* ViewController.swift */,
				460412562202DABA007EF7B4 /* CategoryCell.swift */,
				3F17902F211DAC40000BC603 /* AddCategoryVC.swift */,
				469BD9E021DEA9F100B8835A /* EditCategoryVC.swift */,
			);
			path = Categories;
			sourceTree = "<group>";
		};
		4659EBB3221246EC00E7714D /* Items */ = {
			isa = PBXGroup;
			children = (
				3F179031211DACFE000BC603 /* ItemsVC.swift */,
				468A566921E3E6150048CD71 /* ItemCell.swift */,
				3F179033211DAD8A000BC603 /* AddItemVC.swift */,
				3F750E192120FF1F00CCEC62 /* Edit_Item_VC.swift */,
			);
			path = Items;
			sourceTree = "<group>";
		};
		468A568B21E551CA0048CD71 /* Client */ = {
			isa = PBXGroup;
			children = (
				468A568C21E552040048CD71 /* NetworkingClient.swift */,
				3F11230622592DB9001C339F /* FileService.swift */,
			);
			path = Client;
			sourceTree = "<group>";
		};
		59E95921ED3C4CD69F452729 /* Frameworks */ = {
			isa = PBXGroup;
			children = (
				FF2B3C7CCFB3F7A877B13351 /* Pods_To_Do_List.framework */,
			);
			name = Frameworks;
			sourceTree = "<group>";
		};
		84E2D809B4F094AA98E53089 /* Pods */ = {
			isa = PBXGroup;
			children = (
				29DE308FE944CEC82AB77EB6 /* Pods-To-Do List.debug.xcconfig */,
				342442DFB939D39FD68F33CB /* Pods-To-Do List.release.xcconfig */,
			);
			name = Pods;
			sourceTree = "<group>";
		};
/* End PBXGroup section */

/* Begin PBXNativeTarget section */
		3F3EC728211D006100BFA5E3 /* To-Do List */ = {
			isa = PBXNativeTarget;
			buildConfigurationList = 3F3EC73B211D006400BFA5E3 /* Build configuration list for PBXNativeTarget "To-Do List" */;
			buildPhases = (
				4792D9B25B162FF1E9A7BFF5 /* [CP] Check Pods Manifest.lock */,
				3F3EC725211D006100BFA5E3 /* Sources */,
				3F3EC726211D006100BFA5E3 /* Frameworks */,
				3F3EC727211D006100BFA5E3 /* Resources */,
				4358E5F9AF7ECEEF6E27C27F /* [CP] Embed Pods Frameworks */,
				4612EF6C2214D99100E3CAF1 /* Embed Frameworks */,
			);
			buildRules = (
			);
			dependencies = (
			);
			name = "To-Do List";
			productName = "To-Do List";
			productReference = 3F3EC729211D006100BFA5E3 /* To-Do List.app */;
			productType = "com.apple.product-type.application";
		};
/* End PBXNativeTarget section */

/* Begin PBXProject section */
		3F3EC721211D006100BFA5E3 /* Project object */ = {
			isa = PBXProject;
			attributes = {
				LastSwiftUpdateCheck = 0940;
				LastUpgradeCheck = 0940;
				ORGANIZATIONNAME = "Edgar Delgado";
				TargetAttributes = {
					3F3EC728211D006100BFA5E3 = {
						CreatedOnToolsVersion = 9.4.1;
					};
				};
			};
			buildConfigurationList = 3F3EC724211D006100BFA5E3 /* Build configuration list for PBXProject "To-Do List" */;
			compatibilityVersion = "Xcode 9.3";
			developmentRegion = en;
			hasScannedForEncodings = 0;
			knownRegions = (
				en,
				Base,
			);
			mainGroup = 3F3EC720211D006100BFA5E3;
			productRefGroup = 3F3EC72A211D006100BFA5E3 /* Products */;
			projectDirPath = "";
			projectRoot = "";
			targets = (
				3F3EC728211D006100BFA5E3 /* To-Do List */,
			);
		};
/* End PBXProject section */

/* Begin PBXResourcesBuildPhase section */
		3F3EC727211D006100BFA5E3 /* Resources */ = {
			isa = PBXResourcesBuildPhase;
			buildActionMask = 2147483647;
			files = (
				3F3EC737211D006400BFA5E3 /* LaunchScreen.storyboard in Resources */,
				3F3EC734211D006400BFA5E3 /* Assets.xcassets in Resources */,
				3F3EC732211D006100BFA5E3 /* Main.storyboard in Resources */,
			);
			runOnlyForDeploymentPostprocessing = 0;
		};
/* End PBXResourcesBuildPhase section */

/* Begin PBXShellScriptBuildPhase section */
		4358E5F9AF7ECEEF6E27C27F /* [CP] Embed Pods Frameworks */ = {
			isa = PBXShellScriptBuildPhase;
			buildActionMask = 12;
			files = (
			);
			inputFileListPaths = (
				"${PODS_ROOT}/Target Support Files/Pods-To-Do List/Pods-To-Do List-frameworks-${CONFIGURATION}-input-files.xcfilelist",
			);
			name = "[CP] Embed Pods Frameworks";
			outputFileListPaths = (
				"${PODS_ROOT}/Target Support Files/Pods-To-Do List/Pods-To-Do List-frameworks-${CONFIGURATION}-output-files.xcfilelist",
			);
			runOnlyForDeploymentPostprocessing = 0;
			shellPath = /bin/sh;
			shellScript = "\"${PODS_ROOT}/Target Support Files/Pods-To-Do List/Pods-To-Do List-frameworks.sh\"\n";
			showEnvVarsInLog = 0;
		};
		4792D9B25B162FF1E9A7BFF5 /* [CP] Check Pods Manifest.lock */ = {
			isa = PBXShellScriptBuildPhase;
			buildActionMask = 2147483647;
			files = (
			);
			inputPaths = (
				"${PODS_PODFILE_DIR_PATH}/Podfile.lock",
				"${PODS_ROOT}/Manifest.lock",
			);
			name = "[CP] Check Pods Manifest.lock";
			outputPaths = (
				"$(DERIVED_FILE_DIR)/Pods-To-Do List-checkManifestLockResult.txt",
			);
			runOnlyForDeploymentPostprocessing = 0;
			shellPath = /bin/sh;
			shellScript = "diff \"${PODS_PODFILE_DIR_PATH}/Podfile.lock\" \"${PODS_ROOT}/Manifest.lock\" > /dev/null\nif [ $? != 0 ] ; then\n    # print error to STDERR\n    echo \"error: The sandbox is not in sync with the Podfile.lock. Run 'pod install' or update your CocoaPods installation.\" >&2\n    exit 1\nfi\n# This output is used by Xcode 'outputs' to avoid re-running this script phase.\necho \"SUCCESS\" > \"${SCRIPT_OUTPUT_FILE_0}\"\n";
			showEnvVarsInLog = 0;
		};
/* End PBXShellScriptBuildPhase section */

/* Begin PBXSourcesBuildPhase section */
		3F3EC725211D006100BFA5E3 /* Sources */ = {
			isa = PBXSourcesBuildPhase;
			buildActionMask = 2147483647;
			files = (
				460412572202DABA007EF7B4 /* CategoryCell.swift in Sources */,
				3F11230722592DBB001C339F /* FileService.swift in Sources */,
				3F179034211DAD8A000BC603 /* AddItemVC.swift in Sources */,
				3F750E1A2120FF1F00CCEC62 /* Edit_Item_VC.swift in Sources */,
				469BD9E121DEA9F100B8835A /* EditCategoryVC.swift in Sources */,
				3F179030211DAC40000BC603 /* AddCategoryVC.swift in Sources */,
				468A566A21E3E6150048CD71 /* ItemCell.swift in Sources */,
				3F3EC72F211D006100BFA5E3 /* ViewController.swift in Sources */,
				3F3EC72D211D006100BFA5E3 /* AppDelegate.swift in Sources */,
				4604121221FB0A9E007EF7B4 /* Extensions.swift in Sources */,
				3F17903D211EB68C000BC603 /* Item.swift in Sources */,
				468A568D21E552040048CD71 /* NetworkingClient.swift in Sources */,
				3F179032211DACFE000BC603 /* ItemsVC.swift in Sources */,
				3F17903B211E28FA000BC603 /* Category.swift in Sources */,
			);
			runOnlyForDeploymentPostprocessing = 0;
		};
/* End PBXSourcesBuildPhase section */

/* Begin PBXVariantGroup section */
		3F3EC730211D006100BFA5E3 /* Main.storyboard */ = {
			isa = PBXVariantGroup;
			children = (
				3F3EC731211D006100BFA5E3 /* Base */,
			);
			name = Main.storyboard;
			sourceTree = "<group>";
		};
		3F3EC735211D006400BFA5E3 /* LaunchScreen.storyboard */ = {
			isa = PBXVariantGroup;
			children = (
				3F3EC736211D006400BFA5E3 /* Base */,
			);
			name = LaunchScreen.storyboard;
			sourceTree = "<group>";
		};
/* End PBXVariantGroup section */

/* Begin XCBuildConfiguration section */
		3F3EC739211D006400BFA5E3 /* Debug */ = {
			isa = XCBuildConfiguration;
			buildSettings = {
				ALWAYS_SEARCH_USER_PATHS = NO;
				CLANG_ANALYZER_NONNULL = YES;
				CLANG_ANALYZER_NUMBER_OBJECT_CONVERSION = YES_AGGRESSIVE;
				CLANG_CXX_LANGUAGE_STANDARD = "gnu++14";
				CLANG_CXX_LIBRARY = "libc++";
				CLANG_ENABLE_MODULES = YES;
				CLANG_ENABLE_OBJC_ARC = YES;
				CLANG_ENABLE_OBJC_WEAK = YES;
				CLANG_WARN_BLOCK_CAPTURE_AUTORELEASING = YES;
				CLANG_WARN_BOOL_CONVERSION = YES;
				CLANG_WARN_COMMA = YES;
				CLANG_WARN_CONSTANT_CONVERSION = YES;
				CLANG_WARN_DEPRECATED_OBJC_IMPLEMENTATIONS = YES;
				CLANG_WARN_DIRECT_OBJC_ISA_USAGE = YES_ERROR;
				CLANG_WARN_DOCUMENTATION_COMMENTS = YES;
				CLANG_WARN_EMPTY_BODY = YES;
				CLANG_WARN_ENUM_CONVERSION = YES;
				CLANG_WARN_INFINITE_RECURSION = YES;
				CLANG_WARN_INT_CONVERSION = YES;
				CLANG_WARN_NON_LITERAL_NULL_CONVERSION = YES;
				CLANG_WARN_OBJC_IMPLICIT_RETAIN_SELF = YES;
				CLANG_WARN_OBJC_LITERAL_CONVERSION = YES;
				CLANG_WARN_OBJC_ROOT_CLASS = YES_ERROR;
				CLANG_WARN_RANGE_LOOP_ANALYSIS = YES;
				CLANG_WARN_STRICT_PROTOTYPES = YES;
				CLANG_WARN_SUSPICIOUS_MOVE = YES;
				CLANG_WARN_UNGUARDED_AVAILABILITY = YES_AGGRESSIVE;
				CLANG_WARN_UNREACHABLE_CODE = YES;
				CLANG_WARN__DUPLICATE_METHOD_MATCH = YES;
				CODE_SIGN_IDENTITY = "iPhone Developer";
				COPY_PHASE_STRIP = NO;
				DEBUG_INFORMATION_FORMAT = dwarf;
				ENABLE_STRICT_OBJC_MSGSEND = YES;
				ENABLE_TESTABILITY = YES;
				GCC_C_LANGUAGE_STANDARD = gnu11;
				GCC_DYNAMIC_NO_PIC = NO;
				GCC_NO_COMMON_BLOCKS = YES;
				GCC_OPTIMIZATION_LEVEL = 0;
				GCC_PREPROCESSOR_DEFINITIONS = (
					"DEBUG=1",
					"$(inherited)",
				);
				GCC_WARN_64_TO_32_BIT_CONVERSION = YES;
				GCC_WARN_ABOUT_RETURN_TYPE = YES_ERROR;
				GCC_WARN_UNDECLARED_SELECTOR = YES;
				GCC_WARN_UNINITIALIZED_AUTOS = YES_AGGRESSIVE;
				GCC_WARN_UNUSED_FUNCTION = YES;
				GCC_WARN_UNUSED_VARIABLE = YES;
				IPHONEOS_DEPLOYMENT_TARGET = 11.4;
				MTL_ENABLE_DEBUG_INFO = YES;
				ONLY_ACTIVE_ARCH = YES;
				SDKROOT = iphoneos;
				SWIFT_ACTIVE_COMPILATION_CONDITIONS = DEBUG;
				SWIFT_OPTIMIZATION_LEVEL = "-Onone";
			};
			name = Debug;
		};
		3F3EC73A211D006400BFA5E3 /* Release */ = {
			isa = XCBuildConfiguration;
			buildSettings = {
				ALWAYS_SEARCH_USER_PATHS = NO;
				CLANG_ANALYZER_NONNULL = YES;
				CLANG_ANALYZER_NUMBER_OBJECT_CONVERSION = YES_AGGRESSIVE;
				CLANG_CXX_LANGUAGE_STANDARD = "gnu++14";
				CLANG_CXX_LIBRARY = "libc++";
				CLANG_ENABLE_MODULES = YES;
				CLANG_ENABLE_OBJC_ARC = YES;
				CLANG_ENABLE_OBJC_WEAK = YES;
				CLANG_WARN_BLOCK_CAPTURE_AUTORELEASING = YES;
				CLANG_WARN_BOOL_CONVERSION = YES;
				CLANG_WARN_COMMA = YES;
				CLANG_WARN_CONSTANT_CONVERSION = YES;
				CLANG_WARN_DEPRECATED_OBJC_IMPLEMENTATIONS = YES;
				CLANG_WARN_DIRECT_OBJC_ISA_USAGE = YES_ERROR;
				CLANG_WARN_DOCUMENTATION_COMMENTS = YES;
				CLANG_WARN_EMPTY_BODY = YES;
				CLANG_WARN_ENUM_CONVERSION = YES;
				CLANG_WARN_INFINITE_RECURSION = YES;
				CLANG_WARN_INT_CONVERSION = YES;
				CLANG_WARN_NON_LITERAL_NULL_CONVERSION = YES;
				CLANG_WARN_OBJC_IMPLICIT_RETAIN_SELF = YES;
				CLANG_WARN_OBJC_LITERAL_CONVERSION = YES;
				CLANG_WARN_OBJC_ROOT_CLASS = YES_ERROR;
				CLANG_WARN_RANGE_LOOP_ANALYSIS = YES;
				CLANG_WARN_STRICT_PROTOTYPES = YES;
				CLANG_WARN_SUSPICIOUS_MOVE = YES;
				CLANG_WARN_UNGUARDED_AVAILABILITY = YES_AGGRESSIVE;
				CLANG_WARN_UNREACHABLE_CODE = YES;
				CLANG_WARN__DUPLICATE_METHOD_MATCH = YES;
				CODE_SIGN_IDENTITY = "iPhone Developer";
				COPY_PHASE_STRIP = NO;
				DEBUG_INFORMATION_FORMAT = "dwarf-with-dsym";
				ENABLE_NS_ASSERTIONS = NO;
				ENABLE_STRICT_OBJC_MSGSEND = YES;
				GCC_C_LANGUAGE_STANDARD = gnu11;
				GCC_NO_COMMON_BLOCKS = YES;
				GCC_WARN_64_TO_32_BIT_CONVERSION = YES;
				GCC_WARN_ABOUT_RETURN_TYPE = YES_ERROR;
				GCC_WARN_UNDECLARED_SELECTOR = YES;
				GCC_WARN_UNINITIALIZED_AUTOS = YES_AGGRESSIVE;
				GCC_WARN_UNUSED_FUNCTION = YES;
				GCC_WARN_UNUSED_VARIABLE = YES;
				IPHONEOS_DEPLOYMENT_TARGET = 11.4;
				MTL_ENABLE_DEBUG_INFO = NO;
				SDKROOT = iphoneos;
				SWIFT_COMPILATION_MODE = wholemodule;
				SWIFT_OPTIMIZATION_LEVEL = "-O";
				VALIDATE_PRODUCT = YES;
			};
			name = Release;
		};
		3F3EC73C211D006400BFA5E3 /* Debug */ = {
			isa = XCBuildConfiguration;
			baseConfigurationReference = 29DE308FE944CEC82AB77EB6 /* Pods-To-Do List.debug.xcconfig */;
			buildSettings = {
				ASSETCATALOG_COMPILER_APPICON_NAME = AppIcon;
				CODE_SIGN_STYLE = Automatic;
				DEVELOPMENT_TEAM = 5SJXENS48L;
				INFOPLIST_FILE = "To-Do List/Info.plist";
				LD_RUNPATH_SEARCH_PATHS = (
					"$(inherited)",
					"@executable_path/Frameworks",
				);
				MACH_O_TYPE = mh_execute;
				PRODUCT_BUNDLE_IDENTIFIER = com.delgado.tacklelist;
				PRODUCT_NAME = "$(TARGET_NAME)";
				SWIFT_VERSION = 5.0;
				TARGETED_DEVICE_FAMILY = 1;
			};
			name = Debug;
		};
		3F3EC73D211D006400BFA5E3 /* Release */ = {
			isa = XCBuildConfiguration;
			baseConfigurationReference = 342442DFB939D39FD68F33CB /* Pods-To-Do List.release.xcconfig */;
			buildSettings = {
				ASSETCATALOG_COMPILER_APPICON_NAME = AppIcon;
				CODE_SIGN_STYLE = Automatic;
				DEVELOPMENT_TEAM = 5SJXENS48L;
				INFOPLIST_FILE = "To-Do List/Info.plist";
				LD_RUNPATH_SEARCH_PATHS = (
					"$(inherited)",
					"@executable_path/Frameworks",
				);
				MACH_O_TYPE = mh_execute;
				PRODUCT_BUNDLE_IDENTIFIER = com.delgado.tacklelist;
				PRODUCT_NAME = "$(TARGET_NAME)";
				SWIFT_VERSION = 5.0;
				TARGETED_DEVICE_FAMILY = 1;
			};
			name = Release;
		};
/* End XCBuildConfiguration section */

/* Begin XCConfigurationList section */
		3F3EC724211D006100BFA5E3 /* Build configuration list for PBXProject "To-Do List" */ = {
			isa = XCConfigurationList;
			buildConfigurations = (
				3F3EC739211D006400BFA5E3 /* Debug */,
				3F3EC73A211D006400BFA5E3 /* Release */,
			);
			defaultConfigurationIsVisible = 0;
			defaultConfigurationName = Release;
		};
		3F3EC73B211D006400BFA5E3 /* Build configuration list for PBXNativeTarget "To-Do List" */ = {
			isa = XCConfigurationList;
			buildConfigurations = (
				3F3EC73C211D006400BFA5E3 /* Debug */,
				3F3EC73D211D006400BFA5E3 /* Release */,
			);
			defaultConfigurationIsVisible = 0;
			defaultConfigurationName = Release;
		};
/* End XCConfigurationList section */
	};
	rootObject = 3F3EC721211D006100BFA5E3 /* Project object */;
}
